
Microsoft Visual Studio Solution File, Format Version 12.00
# Visual Studio Version 17
VisualStudioVersion = 17.1.32414.318
MinimumVisualStudioVersion = 10.0.40219.1
Project("{FAE04EC0-301F-11D3-BF4B-00C04F79EFBC}") = "ASPWeb.API", "ASPWeb.API\ASPWeb.API.csproj", "{B32FF66C-77DD-4321-8F1F-F77E6EF94769}"
EndProject
Global
	GlobalSection(SolutionConfigurationPlatforms) = preSolution
		Debug|Any CPU = Debug|Any CPU
		Release|Any CPU = Release|Any CPU
	EndGlobalSection
	GlobalSection(ProjectConfigurationPlatforms) = postSolution
		{B32FF66C-77DD-4321-8F1F-F77E6EF94769}.Debug|Any CPU.ActiveCfg = Debug|Any CPU
		{B32FF66C-77DD-4321-8F1F-F77E6EF94769}.Debug|Any CPU.Build.0 = Debug|Any CPU
		{B32FF66C-77DD-4321-8F1F-F77E6EF94769}.Release|Any CPU.ActiveCfg = Release|Any CPU
		{B32FF66C-77DD-4321-8F1F-F77E6EF94769}.Release|Any CPU.Build.0 = Release|Any CPU
	EndGlobalSection
	GlobalSection(SolutionProperties) = preSolution
		HideSolutionNode = FALSE
	EndGlobalSection
	GlobalSection(ExtensibilityGlobals) = postSolution
		SolutionGuid = {F20786CD-C920-4EF4-9624-32848BA019CB}
	EndGlobalSection
EndGlobal
